
Microsoft Visual Studio Solution File, Format Version 12.00
# Visual Studio Express 2012 for Windows Desktop
Project("{FAE04EC0-301F-11D3-BF4B-00C04F79EFBC}") = "CryptoEscudoMinerTools", "CryptoEscudoMinerTools\CryptoEscudoMinerTools.csproj", "{28A389BB-F011-48E1-A7AF-D175BFA9ADEC}"
EndProject
Global
	GlobalSection(SolutionConfigurationPlatforms) = preSolution
		Debug|Any CPU = Debug|Any CPU
		Release|Any CPU = Release|Any CPU
	EndGlobalSection
	GlobalSection(ProjectConfigurationPlatforms) = postSolution
		{28A389BB-F011-48E1-A7AF-D175BFA9ADEC}.Debug|Any CPU.ActiveCfg = Debug|Any CPU
		{28A389BB-F011-48E1-A7AF-D175BFA9ADEC}.Debug|Any CPU.Build.0 = Debug|Any CPU
		{28A389BB-F011-48E1-A7AF-D175BFA9ADEC}.Release|Any CPU.ActiveCfg = Release|Any CPU
		{28A389BB-F011-48E1-A7AF-D175BFA9ADEC}.Release|Any CPU.Build.0 = Release|Any CPU
	EndGlobalSection
	GlobalSection(SolutionProperties) = preSolution
		HideSolutionNode = FALSE
	EndGlobalSection
EndGlobal
